
Microsoft Visual Studio Solution File, Format Version 12.00
# Visual Studio Version 16
VisualStudioVersion = 16.0.33927.289
MinimumVisualStudioVersion = 10.0.40219.1
Project("{2150E333-8FDC-42A3-9474-1A3956D46DE8}") = "Task0", "Task0", "{8E363C3C-A59D-43C1-8326-917471245620}"
EndProject
Project("{FAE04EC0-301F-11D3-BF4B-00C04F79EFBC}") = "Tyuiu.ChalkovaE.M.Sprint5.Task0.V15.Lib", "Tyuiu.ChalkovaE.M.Sprint5.Task0.V15.Lib\Tyuiu.ChalkovaE.M.Sprint5.Task0.V15.Lib.csproj", "{85864048-6964-4FFE-8A0A-67E3CC59297F}"
EndProject
Project("{FAE04EC0-301F-11D3-BF4B-00C04F79EFBC}") = "Tyuiu.ChalkovaE.M.Sprint5.Task0.V15.Test", "Tyuiu.ChalkovaE.M.Sprint5.Task0.V15.Test\Tyuiu.ChalkovaE.M.Sprint5.Task0.V15.Test.csproj", "{D62923B2-4954-4311-9B4A-9D2689DEB46B}"
EndProject
Project("{FAE04EC0-301F-11D3-BF4B-00C04F79EFBC}") = "Tyuiu.ChalkovaE.M.Sprint5.Task0.V15", "Tyuiu.ChalkovaE.M.Sprint5.Task0.V15\Tyuiu.ChalkovaE.M.Sprint5.Task0.V15.csproj", "{2C0E837D-5C5C-4827-8BAB-5C2D94B283BB}"
EndProject
Project("{2150E333-8FDC-42A3-9474-1A3956D46DE8}") = "Task1", "Task1", "{EA93643C-D09B-4E01-BFF6-4C925A486F62}"
EndProject
Project("{FAE04EC0-301F-11D3-BF4B-00C04F79EFBC}") = "Tyuiu.ChalkovaE.M.Sprint5.Task1.V13.Lib", "Tyuiu.ChalkovaE.M.Sprint5.Task1.V13.Lib\Tyuiu.ChalkovaE.M.Sprint5.Task1.V13.Lib.csproj", "{436409A7-467D-4958-BC60-40A6011707E8}"
EndProject
Project("{FAE04EC0-301F-11D3-BF4B-00C04F79EFBC}") = "Tyuiu.ChalkovaE.M.Sprint5.Task1.V13.Test", "Tyuiu.ChalkovaE.M.Sprint5.Task1.V13.Test\Tyuiu.ChalkovaE.M.Sprint5.Task1.V13.Test.csproj", "{79E9246E-8EE6-4DA7-A1C8-E2409B2D2A86}"
EndProject
Project("{FAE04EC0-301F-11D3-BF4B-00C04F79EFBC}") = "Tyuiu.ChalkovaE.M.Sprint5.Task1.V13", "Tyuiu.ChalkovaE.M.Sprint5.Task1.V13\Tyuiu.ChalkovaE.M.Sprint5.Task1.V13.csproj", "{B0F4812D-18C8-4B83-A10A-373A186E55F0}"
EndProject
Global
	GlobalSection(SolutionConfigurationPlatforms) = preSolution
		Debug|Any CPU = Debug|Any CPU
		Release|Any CPU = Release|Any CPU
	EndGlobalSection
	GlobalSection(ProjectConfigurationPlatforms) = postSolution
		{85864048-6964-4FFE-8A0A-67E3CC59297F}.Debug|Any CPU.ActiveCfg = Debug|Any CPU
		{85864048-6964-4FFE-8A0A-67E3CC59297F}.Debug|Any CPU.Build.0 = Debug|Any CPU
		{85864048-6964-4FFE-8A0A-67E3CC59297F}.Release|Any CPU.ActiveCfg = Release|Any CPU
		{85864048-6964-4FFE-8A0A-67E3CC59297F}.Release|Any CPU.Build.0 = Release|Any CPU
		{D62923B2-4954-4311-9B4A-9D2689DEB46B}.Debug|Any CPU.ActiveCfg = Debug|Any CPU
		{D62923B2-4954-4311-9B4A-9D2689DEB46B}.Debug|Any CPU.Build.0 = Debug|Any CPU
		{D62923B2-4954-4311-9B4A-9D2689DEB46B}.Release|Any CPU.ActiveCfg = Release|Any CPU
		{D62923B2-4954-4311-9B4A-9D2689DEB46B}.Release|Any CPU.Build.0 = Release|Any CPU
		{2C0E837D-5C5C-4827-8BAB-5C2D94B283BB}.Debug|Any CPU.ActiveCfg = Debug|Any CPU
		{2C0E837D-5C5C-4827-8BAB-5C2D94B283BB}.Debug|Any CPU.Build.0 = Debug|Any CPU
		{2C0E837D-5C5C-4827-8BAB-5C2D94B283BB}.Release|Any CPU.ActiveCfg = Release|Any CPU
		{2C0E837D-5C5C-4827-8BAB-5C2D94B283BB}.Release|Any CPU.Build.0 = Release|Any CPU
		{436409A7-467D-4958-BC60-40A6011707E8}.Debug|Any CPU.ActiveCfg = Debug|Any CPU
		{436409A7-467D-4958-BC60-40A6011707E8}.Debug|Any CPU.Build.0 = Debug|Any CPU
		{436409A7-467D-4958-BC60-40A6011707E8}.Release|Any CPU.ActiveCfg = Release|Any CPU
		{436409A7-467D-4958-BC60-40A6011707E8}.Release|Any CPU.Build.0 = Release|Any CPU
		{79E9246E-8EE6-4DA7-A1C8-E2409B2D2A86}.Debug|Any CPU.ActiveCfg = Debug|Any CPU
		{79E9246E-8EE6-4DA7-A1C8-E2409B2D2A86}.Debug|Any CPU.Build.0 = Debug|Any CPU
		{79E9246E-8EE6-4DA7-A1C8-E2409B2D2A86}.Release|Any CPU.ActiveCfg = Release|Any CPU
		{79E9246E-8EE6-4DA7-A1C8-E2409B2D2A86}.Release|Any CPU.Build.0 = Release|Any CPU
		{B0F4812D-18C8-4B83-A10A-373A186E55F0}.Debug|Any CPU.ActiveCfg = Debug|Any CPU
		{B0F4812D-18C8-4B83-A10A-373A186E55F0}.Debug|Any CPU.Build.0 = Debug|Any CPU
		{B0F4812D-18C8-4B83-A10A-373A186E55F0}.Release|Any CPU.ActiveCfg = Release|Any CPU
		{B0F4812D-18C8-4B83-A10A-373A186E55F0}.Release|Any CPU.Build.0 = Release|Any CPU
	EndGlobalSection
	GlobalSection(SolutionProperties) = preSolution
		HideSolutionNode = FALSE
	EndGlobalSection
	GlobalSection(NestedProjects) = preSolution
		{85864048-6964-4FFE-8A0A-67E3CC59297F} = {8E363C3C-A59D-43C1-8326-917471245620}
		{D62923B2-4954-4311-9B4A-9D2689DEB46B} = {8E363C3C-A59D-43C1-8326-917471245620}
		{2C0E837D-5C5C-4827-8BAB-5C2D94B283BB} = {8E363C3C-A59D-43C1-8326-917471245620}
		{436409A7-467D-4958-BC60-40A6011707E8} = {EA93643C-D09B-4E01-BFF6-4C925A486F62}
		{79E9246E-8EE6-4DA7-A1C8-E2409B2D2A86} = {EA93643C-D09B-4E01-BFF6-4C925A486F62}
		{B0F4812D-18C8-4B83-A10A-373A186E55F0} = {EA93643C-D09B-4E01-BFF6-4C925A486F62}
	EndGlobalSection
	GlobalSection(ExtensibilityGlobals) = postSolution
		SolutionGuid = {E5B37C20-81C2-4DEB-8217-CD63A6519DB4}
	EndGlobalSection
EndGlobal
